# This file is automatically @generated by Cargo.
# It is not intended for manual editing.
version = 4

[[package]]
name = "irealwx_audio"
version = "0.1.0"

[[package]]
name = "irealwx_core"
version = "0.1.0"

[[package]]
name = "irealwx_midi"
version = "0.1.0"

[[package]]
name = "irealwx_speech"
version = "0.1.0"

[[package]]
name = "irealwx_ui"
version = "0.1.0"
dependencies = [
 "irealwx_core",
 "irealwx_speech",
]
